
Microsoft Visual Studio Solution File, Format Version 12.00
# Visual Studio 15
VisualStudioVersion = 15.0.26206.0
MinimumVisualStudioVersion = 10.0.40219.1
Project("{FAE04EC0-301F-11D3-BF4B-00C04F79EFBC}") = "WeekEndingTabs", "WeekEndingTabs\WeekEndingTabs.csproj", "{6F9F51C9-6439-4AED-B928-AC38D92699C8}"
EndProject
Project("{2150E333-8FDC-42A3-9474-1A3956D46DE8}") = "Solution Items", "Solution Items", "{BA605903-43A5-47CF-8338-CCE5D285CB99}"
	ProjectSection(SolutionItems) = preProject
		AdminBase64.cer = AdminBase64.cer
	EndProjectSection
EndProject
Project("{FAE04EC0-301F-11D3-BF4B-00C04F79EFBC}") = "WeekEnding", "WeekEnding\WeekEnding.csproj", "{0B7626BE-8862-4138-9FB5-D47B3153FFDB}"
EndProject
Project("{FAE04EC0-301F-11D3-BF4B-00C04F79EFBC}") = "FileCopyPDA", "FileCopyPDA\FileCopyPDA.csproj", "{1B51127E-460D-4D1C-BED0-C926C509E45E}"
EndProject
Project("{FAE04EC0-301F-11D3-BF4B-00C04F79EFBC}") = "FileCopyPDA_Test", "FileCopyPDA_Test\FileCopyPDA_Test.csproj", "{D30799DD-5944-4381-83D5-B8133D3ED125}"
EndProject
Project("{FAE04EC0-301F-11D3-BF4B-00C04F79EFBC}") = "RegistryServices", "..\RegistryServices\RegistryServices\RegistryServices.csproj", "{F43407F6-ED61-4D73-ACB4-AFE0C24BB3E3}"
EndProject
Global
	GlobalSection(SolutionConfigurationPlatforms) = preSolution
		Debug|Any CPU = Debug|Any CPU
		Release|Any CPU = Release|Any CPU
	EndGlobalSection
	GlobalSection(ProjectConfigurationPlatforms) = postSolution
		{6F9F51C9-6439-4AED-B928-AC38D92699C8}.Debug|Any CPU.ActiveCfg = Debug|Any CPU
		{6F9F51C9-6439-4AED-B928-AC38D92699C8}.Debug|Any CPU.Build.0 = Debug|Any CPU
		{6F9F51C9-6439-4AED-B928-AC38D92699C8}.Release|Any CPU.ActiveCfg = Release|Any CPU
		{6F9F51C9-6439-4AED-B928-AC38D92699C8}.Release|Any CPU.Build.0 = Release|Any CPU
		{0B7626BE-8862-4138-9FB5-D47B3153FFDB}.Debug|Any CPU.ActiveCfg = Debug|Any CPU
		{0B7626BE-8862-4138-9FB5-D47B3153FFDB}.Debug|Any CPU.Build.0 = Debug|Any CPU
		{0B7626BE-8862-4138-9FB5-D47B3153FFDB}.Release|Any CPU.ActiveCfg = Release|Any CPU
		{0B7626BE-8862-4138-9FB5-D47B3153FFDB}.Release|Any CPU.Build.0 = Release|Any CPU
		{1B51127E-460D-4D1C-BED0-C926C509E45E}.Debug|Any CPU.ActiveCfg = Debug|Any CPU
		{1B51127E-460D-4D1C-BED0-C926C509E45E}.Debug|Any CPU.Build.0 = Debug|Any CPU
		{1B51127E-460D-4D1C-BED0-C926C509E45E}.Release|Any CPU.ActiveCfg = Release|Any CPU
		{1B51127E-460D-4D1C-BED0-C926C509E45E}.Release|Any CPU.Build.0 = Release|Any CPU
		{D30799DD-5944-4381-83D5-B8133D3ED125}.Debug|Any CPU.ActiveCfg = Debug|Any CPU
		{D30799DD-5944-4381-83D5-B8133D3ED125}.Debug|Any CPU.Build.0 = Debug|Any CPU
		{D30799DD-5944-4381-83D5-B8133D3ED125}.Release|Any CPU.ActiveCfg = Release|Any CPU
		{D30799DD-5944-4381-83D5-B8133D3ED125}.Release|Any CPU.Build.0 = Release|Any CPU
		{F43407F6-ED61-4D73-ACB4-AFE0C24BB3E3}.Debug|Any CPU.ActiveCfg = Debug|Any CPU
		{F43407F6-ED61-4D73-ACB4-AFE0C24BB3E3}.Debug|Any CPU.Build.0 = Debug|Any CPU
		{F43407F6-ED61-4D73-ACB4-AFE0C24BB3E3}.Release|Any CPU.ActiveCfg = Release|Any CPU
		{F43407F6-ED61-4D73-ACB4-AFE0C24BB3E3}.Release|Any CPU.Build.0 = Release|Any CPU
	EndGlobalSection
	GlobalSection(SolutionProperties) = preSolution
		HideSolutionNode = FALSE
	EndGlobalSection
	GlobalSection(Performance) = preSolution
		HasPerformanceSessions = true
	EndGlobalSection
EndGlobal
